
Microsoft Visual Studio Solution File, Format Version 12.00
# Visual Studio 2012
Project("{FAE04EC0-301F-11D3-BF4B-00C04F79EFBC}") = "InventoryClient", "InventoryClient.csproj", "{05550E6A-126C-4227-A2C8-652E1AF56BAF}"
EndProject
Global
	GlobalSection(SolutionConfigurationPlatforms) = preSolution
		Debug|Any CPU = Debug|Any CPU
		Release|Any CPU = Release|Any CPU
	EndGlobalSection
	GlobalSection(ProjectConfigurationPlatforms) = postSolution
		{05550E6A-126C-4227-A2C8-652E1AF56BAF}.Debug|Any CPU.ActiveCfg = Debug|Any CPU
		{05550E6A-126C-4227-A2C8-652E1AF56BAF}.Debug|Any CPU.Build.0 = Debug|Any CPU
		{05550E6A-126C-4227-A2C8-652E1AF56BAF}.Release|Any CPU.ActiveCfg = Release|Any CPU
		{05550E6A-126C-4227-A2C8-652E1AF56BAF}.Release|Any CPU.Build.0 = Release|Any CPU
	EndGlobalSection
	GlobalSection(SolutionProperties) = preSolution
		HideSolutionNode = FALSE
	EndGlobalSection
EndGlobal
